
Microsoft Visual Studio Solution File, Format Version 11.00
# Visual Studio 2010
Project("{FAE04EC0-301F-11D3-BF4B-00C04F79EFBC}") = "FacebookiOSSampleClassic", "FacebookiOSSample\FacebookiOSSample-Classic.csproj", "{C4CC4496-1FE1-497D-B804-707C20B222E7}"
EndProject
Global
	GlobalSection(SolutionConfigurationPlatforms) = preSolution
		Debug|iPhoneSimulator = Debug|iPhoneSimulator
		Release|iPhoneSimulator = Release|iPhoneSimulator
		Debug|iPhone = Debug|iPhone
		Release|iPhone = Release|iPhone
		Ad-Hoc|iPhone = Ad-Hoc|iPhone
		AppStore|iPhone = AppStore|iPhone
	EndGlobalSection
	GlobalSection(ProjectConfigurationPlatforms) = postSolution
		{C4CC4496-1FE1-497D-B804-707C20B222E7}.Ad-Hoc|iPhone.ActiveCfg = Ad-Hoc|iPhone
		{C4CC4496-1FE1-497D-B804-707C20B222E7}.Ad-Hoc|iPhone.Build.0 = Ad-Hoc|iPhone
		{C4CC4496-1FE1-497D-B804-707C20B222E7}.AppStore|iPhone.ActiveCfg = AppStore|iPhone
		{C4CC4496-1FE1-497D-B804-707C20B222E7}.AppStore|iPhone.Build.0 = AppStore|iPhone
		{C4CC4496-1FE1-497D-B804-707C20B222E7}.Debug|iPhone.ActiveCfg = Debug|iPhone
		{C4CC4496-1FE1-497D-B804-707C20B222E7}.Debug|iPhone.Build.0 = Debug|iPhone
		{C4CC4496-1FE1-497D-B804-707C20B222E7}.Debug|iPhoneSimulator.ActiveCfg = Debug|iPhoneSimulator
		{C4CC4496-1FE1-497D-B804-707C20B222E7}.Debug|iPhoneSimulator.Build.0 = Debug|iPhoneSimulator
		{C4CC4496-1FE1-497D-B804-707C20B222E7}.Release|iPhone.ActiveCfg = Release|iPhone
		{C4CC4496-1FE1-497D-B804-707C20B222E7}.Release|iPhone.Build.0 = Release|iPhone
		{C4CC4496-1FE1-497D-B804-707C20B222E7}.Release|iPhoneSimulator.ActiveCfg = Release|iPhoneSimulator
		{C4CC4496-1FE1-497D-B804-707C20B222E7}.Release|iPhoneSimulator.Build.0 = Release|iPhoneSimulator
	EndGlobalSection
	GlobalSection(MonoDevelopProperties) = preSolution
		StartupItem = FacebookiOSSample\FacebookiOSSample.csproj
	EndGlobalSection
EndGlobal
